uuid: 5e2de927-94e4-4ca7-bf3f-142f9cb47001
langcode: en
status: true
dependencies:
  module:
    - smile_entity_block
  theme:
    - my_theme
id: smile_entity_block
theme: my_theme
region: sidebar_first
weight: 1
provider: null
plugin: smile_entity_block
settings:
  id: smile_entity_block
  label: 'Smile Entity Block'
  provider: smile_entity_block
  label_display: visible
  items: 2
visibility: {  }
